
Microsoft Visual Studio Solution File, Format Version 12.00
# Visual Studio Version 17
VisualStudioVersion = 17.10.35013.160
MinimumVisualStudioVersion = 10.0.40219.1
Project("{FAE04EC0-301F-11D3-BF4B-00C04F79EFBC}") = "Jobeer", "Jobeer.csproj", "{5E3BF830-A9C0-474A-A013-5A34DA1D49BF}"
EndProject
Global
	GlobalSection(SolutionConfigurationPlatforms) = preSolution
		Debug|Any CPU = Debug|Any CPU
		Release|Any CPU = Release|Any CPU
	EndGlobalSection
	GlobalSection(ProjectConfigurationPlatforms) = postSolution
		{5E3BF830-A9C0-474A-A013-5A34DA1D49BF}.Debug|Any CPU.ActiveCfg = Debug|Any CPU
		{5E3BF830-A9C0-474A-A013-5A34DA1D49BF}.Debug|Any CPU.Build.0 = Debug|Any CPU
		{5E3BF830-A9C0-474A-A013-5A34DA1D49BF}.Release|Any CPU.ActiveCfg = Release|Any CPU
		{5E3BF830-A9C0-474A-A013-5A34DA1D49BF}.Release|Any CPU.Build.0 = Release|Any CPU
	EndGlobalSection
	GlobalSection(SolutionProperties) = preSolution
		HideSolutionNode = FALSE
	EndGlobalSection
	GlobalSection(ExtensibilityGlobals) = postSolution
		SolutionGuid = {874CAF56-51C7-4932-8F21-6B67E899EB84}
	EndGlobalSection
EndGlobal
